
Microsoft Visual Studio Solution File, Format Version 12.00
# Visual Studio Version 16
VisualStudioVersion = 16.0.31727.386
MinimumVisualStudioVersion = 10.0.40219.1
Project("{FAE04EC0-301F-11D3-BF4B-00C04F79EFBC}") = "hpr-vs2019-PullRequest", "hpr-vs2019-PullRequest.csproj", "{04B844E3-96E2-4CE8-BDF0-C4360BAF0701}"
EndProject
Global
	GlobalSection(SolutionConfigurationPlatforms) = preSolution
		Debug|Any CPU = Debug|Any CPU
		Release|Any CPU = Release|Any CPU
	EndGlobalSection
	GlobalSection(ProjectConfigurationPlatforms) = postSolution
		{04B844E3-96E2-4CE8-BDF0-C4360BAF0701}.Debug|Any CPU.ActiveCfg = Debug|Any CPU
		{04B844E3-96E2-4CE8-BDF0-C4360BAF0701}.Debug|Any CPU.Build.0 = Debug|Any CPU
		{04B844E3-96E2-4CE8-BDF0-C4360BAF0701}.Release|Any CPU.ActiveCfg = Release|Any CPU
		{04B844E3-96E2-4CE8-BDF0-C4360BAF0701}.Release|Any CPU.Build.0 = Release|Any CPU
	EndGlobalSection
	GlobalSection(SolutionProperties) = preSolution
		HideSolutionNode = FALSE
	EndGlobalSection
	GlobalSection(ExtensibilityGlobals) = postSolution
		SolutionGuid = {098AB401-C174-4A6F-94E7-8614E0EE8AA5}
	EndGlobalSection
EndGlobal
